schema = "reprobuild.solved-graph-lock.v2"

[lock]
platform = "amd64-linux"
optimal = false
inputs_digest = "fnv1a64:cbf29ce484222325"
variants = []
packages = []
deps = [{ name = "GuiAssert", path = ".", coord_kind = "vcs", url = "https://github.com/metacraft-labs/GuiAssert", ref = "agents-to-dev-2026-10-04", revision = "dd26e2003947372a0f923574e30a2460b5377abd", integrity = "git-sha1:dd26e2003947372a0f923574e30a2460b5377abd", version = "", visibility = "public", participation = "", depends = "", tags = "" }]
